
Microsoft Visual Studio Solution File, Format Version 12.00
# Visual Studio 15
VisualStudioVersion = 15.0.28307.421
MinimumVisualStudioVersion = 10.0.40219.1
Project("{9A19103F-16F7-4668-BE54-9A1E7A4F7556}") = "algs", "algs\algs.csproj", "{B62EE009-4D2D-4A0E-B6AA-97B4122F1917}"
EndProject
Project("{FAE04EC0-301F-11D3-BF4B-00C04F79EFBC}") = "algs.lib", "algs.lib\algs.lib.csproj", "{7D54BC70-17F8-41C9-A3D2-9B2F14C894BC}"
EndProject
Global
	GlobalSection(SolutionConfigurationPlatforms) = preSolution
		Debug|Any CPU = Debug|Any CPU
		Release|Any CPU = Release|Any CPU
	EndGlobalSection
	GlobalSection(ProjectConfigurationPlatforms) = postSolution
		{B62EE009-4D2D-4A0E-B6AA-97B4122F1917}.Debug|Any CPU.ActiveCfg = Debug|Any CPU
		{B62EE009-4D2D-4A0E-B6AA-97B4122F1917}.Debug|Any CPU.Build.0 = Debug|Any CPU
		{B62EE009-4D2D-4A0E-B6AA-97B4122F1917}.Release|Any CPU.ActiveCfg = Release|Any CPU
		{B62EE009-4D2D-4A0E-B6AA-97B4122F1917}.Release|Any CPU.Build.0 = Release|Any CPU
		{7D54BC70-17F8-41C9-A3D2-9B2F14C894BC}.Debug|Any CPU.ActiveCfg = Debug|Any CPU
		{7D54BC70-17F8-41C9-A3D2-9B2F14C894BC}.Debug|Any CPU.Build.0 = Debug|Any CPU
		{7D54BC70-17F8-41C9-A3D2-9B2F14C894BC}.Release|Any CPU.ActiveCfg = Release|Any CPU
		{7D54BC70-17F8-41C9-A3D2-9B2F14C894BC}.Release|Any CPU.Build.0 = Release|Any CPU
	EndGlobalSection
	GlobalSection(SolutionProperties) = preSolution
		HideSolutionNode = FALSE
	EndGlobalSection
	GlobalSection(ExtensibilityGlobals) = postSolution
		SolutionGuid = {228E92B8-3772-44E5-B24C-B33ABDBFBBC6}
	EndGlobalSection
EndGlobal
